
Microsoft Visual Studio Solution File, Format Version 12.00
# Visual Studio Version 16
VisualStudioVersion = 16.0.31205.134
MinimumVisualStudioVersion = 10.0.40219.1
Project("{9A19103F-16F7-4668-BE54-9A1E7A4F7556}") = "Logunov.Facts.Web", "Logunov.Facts.Web\Logunov.Facts.Web.csproj", "{89081676-787B-4609-9DE1-771BEE820A3B}"
EndProject
Project("{FAE04EC0-301F-11D3-BF4B-00C04F79EFBC}") = "Logunov.Facts.Web.Tests", "Logunov.Facts.Web.Tests\Logunov.Facts.Web.Tests.csproj", "{C3F1CB44-8159-4205-8527-C43D243E9101}"
EndProject
Global
	GlobalSection(SolutionConfigurationPlatforms) = preSolution
		Debug|Any CPU = Debug|Any CPU
		Release|Any CPU = Release|Any CPU
	EndGlobalSection
	GlobalSection(ProjectConfigurationPlatforms) = postSolution
		{89081676-787B-4609-9DE1-771BEE820A3B}.Debug|Any CPU.ActiveCfg = Debug|Any CPU
		{89081676-787B-4609-9DE1-771BEE820A3B}.Debug|Any CPU.Build.0 = Debug|Any CPU
		{89081676-787B-4609-9DE1-771BEE820A3B}.Release|Any CPU.ActiveCfg = Release|Any CPU
		{89081676-787B-4609-9DE1-771BEE820A3B}.Release|Any CPU.Build.0 = Release|Any CPU
		{C3F1CB44-8159-4205-8527-C43D243E9101}.Debug|Any CPU.ActiveCfg = Debug|Any CPU
		{C3F1CB44-8159-4205-8527-C43D243E9101}.Debug|Any CPU.Build.0 = Debug|Any CPU
		{C3F1CB44-8159-4205-8527-C43D243E9101}.Release|Any CPU.ActiveCfg = Release|Any CPU
		{C3F1CB44-8159-4205-8527-C43D243E9101}.Release|Any CPU.Build.0 = Release|Any CPU
	EndGlobalSection
	GlobalSection(SolutionProperties) = preSolution
		HideSolutionNode = FALSE
	EndGlobalSection
	GlobalSection(ExtensibilityGlobals) = postSolution
		SolutionGuid = {400CF6F2-C7F8-4832-8AB6-E2321FE1602C}
	EndGlobalSection
EndGlobal
